
Microsoft Visual Studio Solution File, Format Version 12.00
# Visual Studio Version 16
VisualStudioVersion = 16.0.29215.179
MinimumVisualStudioVersion = 10.0.40219.1
Project("{FAE04EC0-301F-11D3-BF4B-00C04F79EFBC}") = "CharacterCreator.Winforms", "CharacterCreator.Winforms\CharacterCreator.Winforms.csproj", "{A7ED4F8B-2C3E-4403-A295-54E6807233DB}"
EndProject
Project("{FAE04EC0-301F-11D3-BF4B-00C04F79EFBC}") = "CharacterCreator", "CharacterCreator\CharacterCreator.csproj", "{87B81F86-B27B-4773-9FB2-13160E15E8C4}"
EndProject
Global
	GlobalSection(SolutionConfigurationPlatforms) = preSolution
		Debug|Any CPU = Debug|Any CPU
		Release|Any CPU = Release|Any CPU
	EndGlobalSection
	GlobalSection(ProjectConfigurationPlatforms) = postSolution
		{A7ED4F8B-2C3E-4403-A295-54E6807233DB}.Debug|Any CPU.ActiveCfg = Debug|Any CPU
		{A7ED4F8B-2C3E-4403-A295-54E6807233DB}.Debug|Any CPU.Build.0 = Debug|Any CPU
		{A7ED4F8B-2C3E-4403-A295-54E6807233DB}.Release|Any CPU.ActiveCfg = Release|Any CPU
		{A7ED4F8B-2C3E-4403-A295-54E6807233DB}.Release|Any CPU.Build.0 = Release|Any CPU
		{87B81F86-B27B-4773-9FB2-13160E15E8C4}.Debug|Any CPU.ActiveCfg = Debug|Any CPU
		{87B81F86-B27B-4773-9FB2-13160E15E8C4}.Debug|Any CPU.Build.0 = Debug|Any CPU
		{87B81F86-B27B-4773-9FB2-13160E15E8C4}.Release|Any CPU.ActiveCfg = Release|Any CPU
		{87B81F86-B27B-4773-9FB2-13160E15E8C4}.Release|Any CPU.Build.0 = Release|Any CPU
	EndGlobalSection
	GlobalSection(SolutionProperties) = preSolution
		HideSolutionNode = FALSE
	EndGlobalSection
	GlobalSection(ExtensibilityGlobals) = postSolution
		SolutionGuid = {B6B3CD3C-A463-43E8-B02E-51E24855FA93}
	EndGlobalSection
EndGlobal
