
Microsoft Visual Studio Solution File, Format Version 12.00
# Visual Studio Version 16
VisualStudioVersion = 16.0.29102.190
MinimumVisualStudioVersion = 10.0.40219.1
Project("{FAE04EC0-301F-11D3-BF4B-00C04F79EFBC}") = "HelloWorld", "HelloWorld\HelloWorld.csproj", "{AC273BDD-C32D-4F0E-ABE6-6E55882721EA}"
EndProject
Global
	GlobalSection(SolutionConfigurationPlatforms) = preSolution
		Debug|Any CPU = Debug|Any CPU
		Release|Any CPU = Release|Any CPU
	EndGlobalSection
	GlobalSection(ProjectConfigurationPlatforms) = postSolution
		{AC273BDD-C32D-4F0E-ABE6-6E55882721EA}.Debug|Any CPU.ActiveCfg = Debug|Any CPU
		{AC273BDD-C32D-4F0E-ABE6-6E55882721EA}.Debug|Any CPU.Build.0 = Debug|Any CPU
		{AC273BDD-C32D-4F0E-ABE6-6E55882721EA}.Release|Any CPU.ActiveCfg = Release|Any CPU
		{AC273BDD-C32D-4F0E-ABE6-6E55882721EA}.Release|Any CPU.Build.0 = Release|Any CPU
	EndGlobalSection
	GlobalSection(SolutionProperties) = preSolution
		HideSolutionNode = FALSE
	EndGlobalSection
	GlobalSection(ExtensibilityGlobals) = postSolution
		SolutionGuid = {3BE28BD4-3121-4179-A20E-CBF1E80D7036}
	EndGlobalSection
EndGlobal
